{
  "name": "cube-solver",
  "lockfileVersion": 3,
  "requires": true,
  "packages": {
    "": {
      "dependencies": {
        "kociemba": "^1.0.1"
      }
    },
    "node_modules/kociemba": {
      "version": "1.0.1",
      "resolved": "https://registry.npmjs.org/kociemba/-/kociemba-1.0.1.tgz",
      "integrity": "sha512-1Dofnww4oUwFS6E9YVvCQxMhZqcgrZ6ezTdGcjF6kGEx2CARfvNG2w0hKHg+drIr4v8THSwzcGXQI58IUi2CRw==",
      "hasInstallScript": true,
      "license": "MIT",
      "dependencies": {
        "node-gyp-build": "^4.2.3"
      }
    },
    "node_modules/node-gyp-build": {
      "version": "4.8.4",
      "resolved": "https://registry.npmjs.org/node-gyp-build/-/node-gyp-build-4.8.4.tgz",
      "integrity": "sha512-LA4ZjwlnUblHVgq0oBF3Jl/6h/Nvs5fzBLwdEF4nuxnFdsfajde4WfxtJr3CaiH+F6ewcIB/q4jQ4UzPyid+CQ==",
      "license": "MIT",
      "bin": {
        "node-gyp-build": "bin.js",
        "node-gyp-build-optional": "optional.js",
        "node-gyp-build-test": "build-test.js"
      }
    }
  }
}
